PODS:
  - Reggie (0.1.0)

DEPENDENCIES:
  - Reggie (from `https://github.com/Altece/Reggie.git`)

EXTERNAL SOURCES:
  Reggie:
    :git: https://github.com/Altece/Reggie.git

CHECKOUT OPTIONS:
  Reggie:
    :commit: 138818fa36bf06d82c7c7836546f442fc5212f58
    :git: https://github.com/Altece/Reggie.git

SPEC CHECKSUMS:
  Reggie: 809f72b1afa79097fd422e69c1fa215938947129

PODFILE CHECKSUM: c2985c071f9d61e79a44b9ce7de215eecd00a645

COCOAPODS: 1.2.0
